// !$*UTF8*$!
{
	archiveVersion = 1;
	classes = {
	};
	objectVersion = 46;
	objects = {

/* Begin PBXBuildFile section */
		34B802141A96953E0045290C /* AppDelegate.swift in Sources */ = {isa = PBXBuildFile; fileRef = 34B802131A96953E0045290C /* AppDelegate.swift */; };
		34B802161A96953E0045290C /* ViewController.swift in Sources */ = {isa = PBXBuildFile; fileRef = 34B802151A96953E0045290C /* ViewController.swift */; };
		34B802191A96953E0045290C /* Main.storyboard in Resources */ = {isa = PBXBuildFile; fileRef = 34B802171A96953E0045290C /* Main.storyboard */; };
		34B8021B1A96953E0045290C /* Images.xcassets in Resources */ = {isa = PBXBuildFile; fileRef = 34B8021A1A96953E0045290C /* Images.xcassets */; };
		34B8021E1A96953E0045290C /* LaunchScreen.xib in Resources */ = {isa = PBXBuildFile; fileRef = 34B8021C1A96953E0045290C /* LaunchScreen.xib */; };
		34B8022A1A96953E0045290C /* GesturesTests.swift in Sources */ = {isa = PBXBuildFile; fileRef = 34B802291A96953E0045290C /* GesturesTests.swift */; };
/* End PBXBuildFile section */

/* Begin PBXContainerItemProxy section */
		34B802241A96953E0045290C /* PBXContainerItemProxy */ = {
			isa = PBXContainerItemProxy;
			containerPortal = 34B802061A96953E0045290C /* Project object */;
			proxyType = 1;
			remoteGlobalIDString = 34B8020D1A96953E0045290C;
			remoteInfo = Gestures;
		};
/* End PBXContainerItemProxy section */

/* Begin PBXFileReference section */
		34B8020E1A96953E0045290C /* Gestures.app */ = {isa = PBXFileReference; explicitFileType = wrapper.application; includeInIndex = 0; path = Gestures.app; sourceTree = BUILT_PRODUCTS_DIR; };
		34B802121A96953E0045290C /* Info.plist */ = {isa = PBXFileReference; lastKnownFileType = text.plist.xml; path = Info.plist; sourceTree = "<group>"; };
		34B802131A96953E0045290C /* AppDelegate.swift */ = {isa = PBXFileReference; lastKnownFileType = sourcecode.swift; path = AppDelegate.swift; sourceTree = "<group>"; };
		34B802151A96953E0045290C /* ViewController.swift */ = {isa = PBXFileReference; lastKnownFileType = sourcecode.swift; path = ViewController.swift; sourceTree = "<group>"; };
		34B802181A96953E0045290C /* Base */ = {isa = PBXFileReference; lastKnownFileType = file.storyboard; name = Base; path = Base.lproj/Main.storyboard; sourceTree = "<group>"; };
		34B8021A1A96953E0045290C /* Images.xcassets */ = {isa = PBXFileReference; lastKnownFileType = folder.assetcatalog; path = Images.xcassets; sourceTree = "<group>"; };
		34B8021D1A96953E0045290C /* Base */ = {isa = PBXFileReference; lastKnownFileType = file.xib; name = Base; path = Base.lproj/LaunchScreen.xib; sourceTree = "<group>"; };
		34B802231A96953E0045290C /* GesturesTests.xctest */ = {isa = PBXFileReference; explicitFileType = wrapper.cfbundle; includeInIndex = 0; path = GesturesTests.xctest; sourceTree = BUILT_PRODUCTS_DIR; };
		34B802281A96953E0045290C /* Info.plist */ = {isa = PBXFileReference; lastKnownFileType = text.plist.xml; path = Info.plist; sourceTree = "<group>"; };
		34B802291A96953E0045290C /* GesturesTests.swift */ = {isa = PBXFileReference; lastKnownFileType = sourcecode.swift; path = GesturesTests.swift; sourceTree = "<group>"; };
/* End PBXFileReference section */

/* Begin PBXFrameworksBuildPhase section */
		34B8020B1A96953E0045290C /* Frameworks */ = {
			isa = PBXFrameworksBuildPhase;
			buildActionMask = 2147483647;
			files = (
			);
			runOnlyForDeploymentPostprocessing = 0;
		};
		34B802201A96953E0045290C /* Frameworks */ = {
			isa = PBXFrameworksBuildPhase;
			buildActionMask = 2147483647;
			files = (
			);
			runOnlyForDeploymentPostprocessing = 0;
		};
/* End PBXFrameworksBuildPhase section */

/* Begin PBXGroup section */
		34B802051A96953E0045290C = {
			isa = PBXGroup;
			children = (
				34B802101A96953E0045290C /* Gestures */,
				34B802261A96953E0045290C /* GesturesTests */,
				34B8020F1A96953E0045290C /* Products */,
			);
			sourceTree = "<group>";
		};
		34B8020F1A96953E0045290C /* Products */ = {
			isa = PBXGroup;
			children = (
				34B8020E1A96953E0045290C /* Gestures.app */,
				34B802231A96953E0045290C /* GesturesTests.xctest */,
			);
			name = Products;
			sourceTree = "<group>";
		};
		34B802101A96953E0045290C /* Gestures */ = {
			isa = PBXGroup;
			children = (
				34B802131A96953E0045290C /* AppDelegate.swift */,
				34B802151A96953E0045290C /* ViewController.swift */,
				34B802171A96953E0045290C /* Main.storyboard */,
				34B8021A1A96953E0045290C /* Images.xcassets */,
				34B8021C1A96953E0045290C /* LaunchScreen.xib */,
				34B802111A96953E0045290C /* Supporting Files */,
			);
			path = Gestures;
			sourceTree = "<group>";
		};
		34B802111A96953E0045290C /* Supporting Files */ = {
			isa = PBXGroup;
			children = (
				34B802121A96953E0045290C /* Info.plist */,
			);
			name = "Supporting Files";
			sourceTree = "<group>";
		};
		34B802261A96953E0045290C /* GesturesTests */ = {
			isa = PBXGroup;
			children = (
				34B802291A96953E0045290C /* GesturesTests.swift */,
				34B802271A96953E0045290C /* Supporting Files */,
			);
			path = GesturesTests;
			sourceTree = "<group>";
		};
		34B802271A96953E0045290C /* Supporting Files */ = {
			isa = PBXGroup;
			children = (
				34B802281A96953E0045290C /* Info.plist */,
			);
			name = "Supporting Files";
			sourceTree = "<group>";
		};
/* End PBXGroup section */

/* Begin PBXNativeTarget section */
		34B8020D1A96953E0045290C /* Gestures */ = {
			isa = PBXNativeTarget;
			buildConfigurationList = 34B8022D1A96953E0045290C /* Build configuration list for PBXNativeTarget "Gestures" */;
			buildPhases = (
				34B8020A1A96953E0045290C /* Sources */,
				34B8020B1A96953E0045290C /* Frameworks */,
				34B8020C1A96953E0045290C /* Resources */,
			);
			buildRules = (
			);
			dependencies = (
			);
			name = Gestures;
			productName = Gestures;
			productReference = 34B8020E1A96953E0045290C /* Gestures.app */;
			productType = "com.apple.product-type.application";
		};
		34B802221A96953E0045290C /* GesturesTests */ = {
			isa = PBXNativeTarget;
			buildConfigurationList = 34B802301A96953E0045290C /* Build configuration list for PBXNativeTarget "GesturesTests" */;
			buildPhases = (
				34B8021F1A96953E0045290C /* Sources */,
				34B802201A96953E0045290C /* Frameworks */,
				34B802211A96953E0045290C /* Resources */,
			);
			buildRules = (
			);
			dependencies = (
				34B802251A96953E0045290C /* PBXTargetDependency */,
			);
			name = GesturesTests;
			productName = GesturesTests;
			productReference = 34B802231A96953E0045290C /* GesturesTests.xctest */;
			productType = "com.apple.product-type.bundle.unit-test";
		};
/* End PBXNativeTarget section */

/* Begin PBXProject section */
		34B802061A96953E0045290C /* Project object */ = {
			isa = PBXProject;
			attributes = {
				LastUpgradeCheck = 0610;
				ORGANIZATIONNAME = "Matthew Nielsen";
				TargetAttributes = {
					34B8020D1A96953E0045290C = {
						CreatedOnToolsVersion = 6.1.1;
						DevelopmentTeam = QJT5ATWZM4;
					};
					34B802221A96953E0045290C = {
						CreatedOnToolsVersion = 6.1.1;
						TestTargetID = 34B8020D1A96953E0045290C;
					};
				};
			};
			buildConfigurationList = 34B802091A96953E0045290C /* Build configuration list for PBXProject "Gestures" */;
			compatibilityVersion = "Xcode 3.2";
			developmentRegion = English;
			hasScannedForEncodings = 0;
			knownRegions = (
				en,
				Base,
			);
			mainGroup = 34B802051A96953E0045290C;
			productRefGroup = 34B8020F1A96953E0045290C /* Products */;
			projectDirPath = "";
			projectRoot = "";
			targets = (
				34B8020D1A96953E0045290C /* Gestures */,
				34B802221A96953E0045290C /* GesturesTests */,
			);
		};
/* End PBXProject section */

/* Begin PBXResourcesBuildPhase section */
		34B8020C1A96953E0045290C /* Resources */ = {
			isa = PBXResourcesBuildPhase;
			buildActionMask = 2147483647;
			files = (
				34B802191A96953E0045290C /* Main.storyboard in Resources */,
				34B8021E1A96953E0045290C /* LaunchScreen.xib in Resources */,
				34B8021B1A96953E0045290C /* Images.xcassets in Resources */,
			);
			runOnlyForDeploymentPostprocessing = 0;
		};
		34B802211A96953E0045290C /* Resources */ = {
			isa = PBXResourcesBuildPhase;
			buildActionMask = 2147483647;
			files = (
			);
			runOnlyForDeploymentPostprocessing = 0;
		};
/* End PBXResourcesBuildPhase section */

/* Begin PBXSourcesBuildPhase section */
		34B8020A1A96953E0045290C /* Sources */ = {
			isa = PBXSourcesBuildPhase;
			buildActionMask = 2147483647;
			files = (
				34B802161A96953E0045290C /* ViewController.swift in Sources */,
				34B802141A96953E0045290C /* AppDelegate.swift in Sources */,
			);
			runOnlyForDeploymentPostprocessing = 0;
		};
		34B8021F1A96953E0045290C /* Sources */ = {
			isa = PBXSourcesBuildPhase;
			buildActionMask = 2147483647;
			files = (
				34B8022A1A96953E0045290C /* GesturesTests.swift in Sources */,
			);
			runOnlyForDeploymentPostprocessing = 0;
		};
/* End PBXSourcesBuildPhase section */

/* Begin PBXTargetDependency section */
		34B802251A96953E0045290C /* PBXTargetDependency */ = {
			isa = PBXTargetDependency;
			target = 34B8020D1A96953E0045290C /* Gestures */;
			targetProxy = 34B802241A96953E0045290C /* PBXContainerItemProxy */;
		};
/* End PBXTargetDependency section */

/* Begin PBXVariantGroup section */
		34B802171A96953E0045290C /* Main.storyboard */ = {
			isa = PBXVariantGroup;
			children = (
				34B802181A96953E0045290C /* Base */,
			);
			name = Main.storyboard;
			sourceTree = "<group>";
		};
		34B8021C1A96953E0045290C /* LaunchScreen.xib */ = {
			isa = PBXVariantGroup;
			children = (
				34B8021D1A96953E0045290C /* Base */,
			);
			name = LaunchScreen.xib;
			sourceTree = "<group>";
		};
/* End PBXVariantGroup section */

/* Begin XCBuildConfiguration section */
		34B8022B1A96953E0045290C /* Debug */ = {
			isa = XCBuildConfiguration;
			buildSettings = {
				ALWAYS_SEARCH_USER_PATHS = NO;
				CLANG_CXX_LANGUAGE_STANDARD = "gnu++0x";
				CLANG_CXX_LIBRARY = "libc++";
				CLANG_ENABLE_MODULES = YES;
				CLANG_ENABLE_OBJC_ARC = YES;
				CLANG_WARN_BOOL_CONVERSION = YES;
				CLANG_WARN_CONSTANT_CONVERSION = YES;
				CLANG_WARN_DIRECT_OBJC_ISA_USAGE = YES_ERROR;
				CLANG_WARN_EMPTY_BODY = YES;
				CLANG_WARN_ENUM_CONVERSION = YES;
				CLANG_WARN_INT_CONVERSION = YES;
				CLANG_WARN_OBJC_ROOT_CLASS = YES_ERROR;
				CLANG_WARN_UNREACHABLE_CODE = YES;
				CLANG_WARN__DUPLICATE_METHOD_MATCH = YES;
				"CODE_SIGN_IDENTITY[sdk=iphoneos*]" = "iPhone Developer";
				COPY_PHASE_STRIP = NO;
				ENABLE_STRICT_OBJC_MSGSEND = YES;
				GCC_C_LANGUAGE_STANDARD = gnu99;
				GCC_DYNAMIC_NO_PIC = NO;
				GCC_OPTIMIZATION_LEVEL = 0;
				GCC_PREPROCESSOR_DEFINITIONS = (
					"DEBUG=1",
					"$(inherited)",
				);
				GCC_SYMBOLS_PRIVATE_EXTERN = NO;
				GCC_WARN_64_TO_32_BIT_CONVERSION = YES;
				GCC_WARN_ABOUT_RETURN_TYPE = YES_ERROR;
				GCC_WARN_UNDECLARED_SELECTOR = YES;
				GCC_WARN_UNINITIALIZED_AUTOS = YES_AGGRESSIVE;
				GCC_WARN_UNUSED_FUNCTION = YES;
				GCC_WARN_UNUSED_VARIABLE = YES;
				IPHONEOS_DEPLOYMENT_TARGET = 8.1;
				MTL_ENABLE_DEBUG_INFO = YES;
				ONLY_ACTIVE_ARCH = YES;
				SDKROOT = iphoneos;
				SWIFT_OPTIMIZATION_LEVEL = "-Onone";
			};
			name = Debug;
		};
		34B8022C1A96953E0045290C /* Release */ = {
			isa = XCBuildConfiguration;
			buildSettings = {
				ALWAYS_SEARCH_USER_PATHS = NO;
				CLANG_CXX_LANGUAGE_STANDARD = "gnu++0x";
				CLANG_CXX_LIBRARY = "libc++";
				CLANG_ENABLE_MODULES = YES;
				CLANG_ENABLE_OBJC_ARC = YES;
				CLANG_WARN_BOOL_CONVERSION = YES;
				CLANG_WARN_CONSTANT_CONVERSION = YES;
				CLANG_WARN_DIRECT_OBJC_ISA_USAGE = YES_ERROR;
				CLANG_WARN_EMPTY_BODY = YES;
				CLANG_WARN_ENUM_CONVERSION = YES;
				CLANG_WARN_INT_CONVERSION = YES;
				CLANG_WARN_OBJC_ROOT_CLASS = YES_ERROR;
				CLANG_WARN_UNREACHABLE_CODE = YES;
				CLANG_WARN__DUPLICATE_METHOD_MATCH = YES;
				"CODE_SIGN_IDENTITY[sdk=iphoneos*]" = "iPhone Developer";
				COPY_PHASE_STRIP = YES;
				ENABLE_NS_ASSERTIONS = NO;
				ENABLE_STRICT_OBJC_MSGSEND = YES;
				GCC_C_LANGUAGE_STANDARD = gnu99;
				GCC_WARN_64_TO_32_BIT_CONVERSION = YES;
				GCC_WARN_ABOUT_RETURN_TYPE = YES_ERROR;
				GCC_WARN_UNDECLARED_SELECTOR = YES;
				GCC_WARN_UNINITIALIZED_AUTOS = YES_AGGRESSIVE;
				GCC_WARN_UNUSED_FUNCTION = YES;
				GCC_WARN_UNUSED_VARIABLE = YES;
				IPHONEOS_DEPLOYMENT_TARGET = 8.1;
				MTL_ENABLE_DEBUG_INFO = NO;
				SDKROOT = iphoneos;
				VALIDATE_PRODUCT = YES;
			};
			name = Release;
		};
		34B8022E1A96953E0045290C /* Debug */ = {
			isa = XCBuildConfiguration;
			buildSettings = {
				ASSETCATALOG_COMPILER_APPICON_NAME = AppIcon;
				CODE_SIGN_IDENTITY = "iPhone Developer";
				INFOPLIST_FILE = Gestures/Info.plist;
				LD_RUNPATH_SEARCH_PATHS = "$(inherited) @executable_path/Frameworks";
				PRODUCT_NAME = "$(TARGET_NAME)";
			};
			name = Debug;
		};
		34B8022F1A96953E0045290C /* Release */ = {
			isa = XCBuildConfiguration;
			buildSettings = {
				ASSETCATALOG_COMPILER_APPICON_NAME = AppIcon;
				CODE_SIGN_IDENTITY = "iPhone Developer";
				INFOPLIST_FILE = Gestures/Info.plist;
				LD_RUNPATH_SEARCH_PATHS = "$(inherited) @executable_path/Frameworks";
				PRODUCT_NAME = "$(TARGET_NAME)";
			};
			name = Release;
		};
		34B802311A96953E0045290C /* Debug */ = {
			isa = XCBuildConfiguration;
			buildSettings = {
				BUNDLE_LOADER = "$(TEST_HOST)";
				FRAMEWORK_SEARCH_PATHS = (
					"$(SDKROOT)/Developer/Library/Frameworks",
					"$(inherited)",
				);
				GCC_PREPROCESSOR_DEFINITIONS = (
					"DEBUG=1",
					"$(inherited)",
				);
				INFOPLIST_FILE = GesturesTests/Info.plist;
				LD_RUNPATH_SEARCH_PATHS = "$(inherited) @executable_path/Frameworks @loader_path/Frameworks";
				PRODUCT_NAME = "$(TARGET_NAME)";
				TEST_HOST = "$(BUILT_PRODUCTS_DIR)/Gestures.app/Gestures";
			};
			name = Debug;
		};
		34B802321A96953E0045290C /* Release */ = {
			isa = XCBuildConfiguration;
			buildSettings = {
				BUNDLE_LOADER = "$(TEST_HOST)";
				FRAMEWORK_SEARCH_PATHS = (
					"$(SDKROOT)/Developer/Library/Frameworks",
					"$(inherited)",
				);
				INFOPLIST_FILE = GesturesTests/Info.plist;
				LD_RUNPATH_SEARCH_PATHS = "$(inherited) @executable_path/Frameworks @loader_path/Frameworks";
				PRODUCT_NAME = "$(TARGET_NAME)";
				TEST_HOST = "$(BUILT_PRODUCTS_DIR)/Gestures.app/Gestures";
			};
			name = Release;
		};
/* End XCBuildConfiguration section */

/* Begin XCConfigurationList section */
		34B802091A96953E0045290C /* Build configuration list for PBXProject "Gestures" */ = {
			isa = XCConfigurationList;
			buildConfigurations = (
				34B8022B1A96953E0045290C /* Debug */,
				34B8022C1A96953E0045290C /* Release */,
			);
			defaultConfigurationIsVisible = 0;
			defaultConfigurationName = Release;
		};
		34B8022D1A96953E0045290C /* Build configuration list for PBXNativeTarget "Gestures" */ = {
			isa = XCConfigurationList;
			buildConfigurations = (
				34B8022E1A96953E0045290C /* Debug */,
				34B8022F1A96953E0045290C /* Release */,
			);
			defaultConfigurationIsVisible = 0;
		};
		34B802301A96953E0045290C /* Build configuration list for PBXNativeTarget "GesturesTests" */ = {
			isa = XCConfigurationList;
			buildConfigurations = (
				34B802311A96953E0045290C /* Debug */,
				34B802321A96953E0045290C /* Release */,
			);
			defaultConfigurationIsVisible = 0;
		};
/* End XCConfigurationList section */
	};
	rootObject = 34B802061A96953E0045290C /* Project object */;
}
